{
  "nodes": {
    "dank-calculator": {
      "flake": false,
      "locked": {
        "lastModified": 1782146268,
        "narHash": "sha256-j8C62+sevr6b+akzVSAqUVysIhb6Vbr8jnWcTXeOtE8=",
        "owner": "rochacbruno",
        "repo": "DankCalculator",
        "rev": "1db5865419a40a33171a475855a59e0b8bf7187f",
        "type": "github"
      },
      "original": {
        "owner": "rochacbruno",
        "repo": "DankCalculator",
        "type": "github"
      }
    },
    "dank-qml-common": {
      "flake": false,
      "locked": {
        "lastModified": 1788376015,
        "narHash": "sha256-/tT8rTznLADndTwLBzdgzzgfJH1ZhYQibYo5v/F8U+U=",
        "owner": "AvengeMedia",
        "repo": "dank-qml-common",
        "rev": "26396ce432d6c71c3f5367438f96f4a8d667e160",
        "type": "github"
      },
      "original": {
        "owner": "AvengeMedia",
        "repo": "dank-qml-common",
        "type": "github"
      }
    },
    "dms": {
      "inputs": {
        "dank-qml-common": "dank-qml-common",
        "flake-compat": "flake-compat",
        "nixpkgs": [
          "nixpkgs"
        ]
      },
      "locked": {
        "lastModified": 1788565319,
        "narHash": "sha256-bK2ikO7yYqgff8WU7JkB1clafCuS9pGcN22wm7Xwf+k=",
        "owner": "AvengeMedia",
        "repo": "DankMaterialShell",
        "rev": "e4793327b8b21d104d46bf53414b228d80986585",
        "type": "github"
      },
      "original": {
        "owner": "AvengeMedia",
        "repo": "DankMaterialShell",
        "type": "github"
      }
    },
    "dms-gpu-monitor": {
      "flake": false,
      "locked": {
        "lastModified": 1785070845,
        "narHash": "sha256-zSRCPbxIp9I67QBMtM7pho4T3AQmw0WQOME9MsPBeRM=",
        "owner": "rollecode",
        "repo": "dms-gpu-monitor",
        "rev": "6a725d2c292c4cd8c7da38ed0e40ad77eb77ec25",
        "type": "github"
      },
      "original": {
        "owner": "rollecode",
        "repo": "dms-gpu-monitor",
        "type": "github"
      }
    },
    "dms-volume-mixer": {
      "flake": false,
      "locked": {
        "lastModified": 1785646099,
        "narHash": "sha256-RiMm8ZHphrZ6VuUUja0GrHe4EqUB/dI6EKfKaL8mtsU=",
        "owner": "cwelsys",
        "repo": "dms-volume-mixer",
        "rev": "353e00b659a16df07105b16c8790e6b526743471",
        "type": "github"
      },
      "original": {
        "owner": "cwelsys",
        "repo": "dms-volume-mixer",
        "type": "github"
      }
    },
    "flake-compat": {
      "flake": false,
      "locked": {
        "lastModified": 1767039857,
        "narHash": "sha256-vNpUSpF5Nuw8xvDLj2KCwwksIbjua2LZCqhV1LNRDns=",
        "owner": "NixOS",
        "repo": "flake-compat",
        "rev": "5edf11c44bc78a0d334f6334cdaf7d60d732daab",
        "type": "github"
      },
      "original": {
        "owner": "NixOS",
        "repo": "flake-compat",
        "type": "github"
      }
    },
    "home-manager": {
      "inputs": {
        "nixpkgs": [
          "nixpkgs"
        ]
      },
      "locked": {
        "lastModified": 1788614311,
        "narHash": "sha256-37rPLZ8pbdon+qP8V/eVHWYzHjjdAImxpcc54dagIbs=",
        "owner": "nix-community",
        "repo": "home-manager",
        "rev": "df6fe1a630d5137c32fc3ee9964b28e79b427a5a",
        "type": "github"
      },
      "original": {
        "owner": "nix-community",
        "repo": "home-manager",
        "type": "github"
      }
    },
    "nixpkgs": {
      "locked": {
        "lastModified": 1788531059,
        "narHash": "sha256-hLD4l3QOGBQhkVp3mQ2lJ/YbEi99qUgKapb40KovZ88=",
        "owner": "nixos",
        "repo": "nixpkgs",
        "rev": "801bef6abd86b91e51083066b83fb354a11fc640",
        "type": "github"
      },
      "original": {
        "owner": "nixos",
        "ref": "nixos-unstable",
        "repo": "nixpkgs",
        "type": "github"
      }
    },
    "noctalia": {
      "inputs": {
        "nixpkgs": [
          "nixpkgs"
        ]
      },
      "locked": {
        "lastModified": 1788600693,
        "narHash": "sha256-rFFsGcRc7B1GdwpFk/2VCSWL+vpMXi8EFgmWuKJd9I0=",
        "owner": "noctalia-dev",
        "repo": "noctalia",
        "rev": "f81c030d6403edeaae1a0953ee60ad43f334e300",
        "type": "github"
      },
      "original": {
        "owner": "noctalia-dev",
        "repo": "noctalia",
        "type": "github"
      }
    },
    "root": {
      "inputs": {
        "dank-calculator": "dank-calculator",
        "dms": "dms",
        "dms-gpu-monitor": "dms-gpu-monitor",
        "dms-volume-mixer": "dms-volume-mixer",
        "home-manager": "home-manager",
        "nixpkgs": "nixpkgs",
        "noctalia": "noctalia"
      }
    }
  },
  "root": "root",
  "version": 7
}
