{
  "nodes": {
    "dank-calculator": {
      "flake": false,
      "locked": {
        "lastModified": 1782146268,
        "narHash": "sha256-j8C62+sevr6b+akzVSAqUVysIhb6Vbr8jnWcTXeOtE8=",
        "owner": "rochacbruno",
        "repo": "DankCalculator",
        "rev": "1db5865419a40a33171a475855a59e0b8bf7187f",
        "type": "github"
      },
      "original": {
        "owner": "rochacbruno",
        "repo": "DankCalculator",
        "type": "github"
      }
    },
    "dank-qml-common": {
      "flake": false,
      "locked": {
        "lastModified": 1786811496,
        "narHash": "sha256-YfS777ef7e9xsQBA1CLmssqXQnOl7mnjL79LMrUSr08=",
        "owner": "AvengeMedia",
        "repo": "dank-qml-common",
        "rev": "a63a92fe46bd267d809e9f735b2217ce20178665",
        "type": "github"
      },
      "original": {
        "owner": "AvengeMedia",
        "repo": "dank-qml-common",
        "type": "github"
      }
    },
    "dms": {
      "inputs": {
        "dank-qml-common": "dank-qml-common",
        "flake-compat": "flake-compat",
        "nixpkgs": [
          "nixpkgs"
        ]
      },
      "locked": {
        "lastModified": 1786894592,
        "narHash": "sha256-fscj2CgIz+kbtoSPKC43q14eFGBtTlBVTQbOuMiZByY=",
        "owner": "AvengeMedia",
        "repo": "DankMaterialShell",
        "rev": "070090c35a2275cee53a232214842e67bfafd2b6",
        "type": "github"
      },
      "original": {
        "owner": "AvengeMedia",
        "repo": "DankMaterialShell",
        "type": "github"
      }
    },
    "dms-volume-mixer": {
      "flake": false,
      "locked": {
        "lastModified": 1785646099,
        "narHash": "sha256-RiMm8ZHphrZ6VuUUja0GrHe4EqUB/dI6EKfKaL8mtsU=",
        "owner": "cwelsys",
        "repo": "dms-volume-mixer",
        "rev": "353e00b659a16df07105b16c8790e6b526743471",
        "type": "github"
      },
      "original": {
        "owner": "cwelsys",
        "repo": "dms-volume-mixer",
        "type": "github"
      }
    },
    "flake-compat": {
      "flake": false,
      "locked": {
        "lastModified": 1767039857,
        "narHash": "sha256-vNpUSpF5Nuw8xvDLj2KCwwksIbjua2LZCqhV1LNRDns=",
        "owner": "NixOS",
        "repo": "flake-compat",
        "rev": "5edf11c44bc78a0d334f6334cdaf7d60d732daab",
        "type": "github"
      },
      "original": {
        "owner": "NixOS",
        "repo": "flake-compat",
        "type": "github"
      }
    },
    "home-manager": {
      "inputs": {
        "nixpkgs": [
          "nixpkgs"
        ]
      },
      "locked": {
        "lastModified": 1786929086,
        "narHash": "sha256-kzpwMyT7i2fTQ41tf/WlsIHuJtf3e0leRBEPkBhUzBY=",
        "owner": "nix-community",
        "repo": "home-manager",
        "rev": "aac4965ddb7ea2ff0f3cadd9502c7042b7aa07ba",
        "type": "github"
      },
      "original": {
        "owner": "nix-community",
        "repo": "home-manager",
        "type": "github"
      }
    },
    "nixpkgs": {
      "locked": {
        "lastModified": 1786862985,
        "narHash": "sha256-FBJRXmbGXiSUDvYEbfLYRkckayyZ6SK1UEqhCrIZ2Cs=",
        "owner": "nixos",
        "repo": "nixpkgs",
        "rev": "e5bdc4a41d4c072fe1e3787eaa0320a384741d44",
        "type": "github"
      },
      "original": {
        "owner": "nixos",
        "ref": "nixos-unstable",
        "repo": "nixpkgs",
        "type": "github"
      }
    },
    "noctalia": {
      "inputs": {
        "nixpkgs": [
          "nixpkgs"
        ]
      },
      "locked": {
        "lastModified": 1786951251,
        "narHash": "sha256-QQfBDYvPPaD1uVHlyM71qridwXoFyhGLcR5ZWaYcdy0=",
        "owner": "noctalia-dev",
        "repo": "noctalia",
        "rev": "ced2221ee68d33aa8862fdf0cd45a899a3cb0b31",
        "type": "github"
      },
      "original": {
        "owner": "noctalia-dev",
        "repo": "noctalia",
        "type": "github"
      }
    },
    "root": {
      "inputs": {
        "dank-calculator": "dank-calculator",
        "dms": "dms",
        "dms-volume-mixer": "dms-volume-mixer",
        "home-manager": "home-manager",
        "nixpkgs": "nixpkgs",
        "noctalia": "noctalia"
      }
    }
  },
  "root": "root",
  "version": 7
}
